
Microsoft Visual Studio Solution File, Format Version 12.00
# Visual Studio Version 16
VisualStudioVersion = 16.0.30128.74
MinimumVisualStudioVersion = 10.0.40219.1
Project("{FAE04EC0-301F-11D3-BF4B-00C04F79EFBC}") = "Selen4TechDemo", "Selen4TechDemo\Selen4TechDemo.csproj", "{4A084AD1-9B27-436E-99A0-5F2EED9A55A5}"
EndProject
Global
	GlobalSection(SolutionConfigurationPlatforms) = preSolution
		Debug|Any CPU = Debug|Any CPU
		Release|Any CPU = Release|Any CPU
	EndGlobalSection
	GlobalSection(ProjectConfigurationPlatforms) = postSolution
		{4A084AD1-9B27-436E-99A0-5F2EED9A55A5}.Debug|Any CPU.ActiveCfg = Debug|Any CPU
		{4A084AD1-9B27-436E-99A0-5F2EED9A55A5}.Debug|Any CPU.Build.0 = Debug|Any CPU
		{4A084AD1-9B27-436E-99A0-5F2EED9A55A5}.Release|Any CPU.ActiveCfg = Release|Any CPU
		{4A084AD1-9B27-436E-99A0-5F2EED9A55A5}.Release|Any CPU.Build.0 = Release|Any CPU
	EndGlobalSection
	GlobalSection(SolutionProperties) = preSolution
		HideSolutionNode = FALSE
	EndGlobalSection
	GlobalSection(ExtensibilityGlobals) = postSolution
		SolutionGuid = {FF377491-A126-4B94-A1D9-09AE234B626E}
	EndGlobalSection
EndGlobal
